
Microsoft Visual Studio Solution File, Format Version 12.00
# Visual Studio 15
VisualStudioVersion = 15.0.28307.572
MinimumVisualStudioVersion = 10.0.40219.1
Project("{FAE04EC0-301F-11D3-BF4B-00C04F79EFBC}") = "PersonelMVC", "PersonelMVC\PersonelMVC.csproj", "{BE3994C4-D4DE-49AA-8D70-023B6E8A1FE8}"
EndProject
Global
	GlobalSection(SolutionConfigurationPlatforms) = preSolution
		Debug|Any CPU = Debug|Any CPU
		Release|Any CPU = Release|Any CPU
	EndGlobalSection
	GlobalSection(ProjectConfigurationPlatforms) = postSolution
		{BE3994C4-D4DE-49AA-8D70-023B6E8A1FE8}.Debug|Any CPU.ActiveCfg = Debug|Any CPU
		{BE3994C4-D4DE-49AA-8D70-023B6E8A1FE8}.Debug|Any CPU.Build.0 = Debug|Any CPU
		{BE3994C4-D4DE-49AA-8D70-023B6E8A1FE8}.Release|Any CPU.ActiveCfg = Release|Any CPU
		{BE3994C4-D4DE-49AA-8D70-023B6E8A1FE8}.Release|Any CPU.Build.0 = Release|Any CPU
	EndGlobalSection
	GlobalSection(SolutionProperties) = preSolution
		HideSolutionNode = FALSE
	EndGlobalSection
	GlobalSection(ExtensibilityGlobals) = postSolution
		SolutionGuid = {575F849D-E316-414F-B02C-15327866B7FB}
	EndGlobalSection
EndGlobal
